{
  "name": "carbon-official-port",
  "version": "1.0.0",
  "lockfileVersion": 3,
  "requires": true,
  "categories": [
    "Themes"
  ],
  "packages": {
    "": {
      "name": "carbon-official-port",
      "version": "1.0.0",
      "engines": {
        "vscode": "^1.70.0"
      }
    }
  },
  "contributes": {
    "themes": [
      // {
      //   "label": "Carbon Dark",
      //   "path": "./themes/carbon-dark.json",
      //   "uiTheme": "vs-dark"
      // },
      {
        "label": "Carbon Light",
        "path": "./themes/carbon-light.json",
        "uiTheme": "vs"
      }
    ]
  },
  "engines": {
    "vscode": "^1.110.0"
  }
}
